// !$*UTF8*$!
{
	archiveVersion = 1;
	classes = {
	};
	objectVersion = 56;
	objects = {

/* Begin PBXBuildFile section */
		6305A87F2A50B33E006BCD1D /* Pet_SwiftUIApp.swift in Sources */ = {isa = PBXBuildFile; fileRef = 6305A87E2A50B33E006BCD1D /* Pet_SwiftUIApp.swift */; };
		6305A8812A50B33E006BCD1D /* ContentView.swift in Sources */ = {isa = PBXBuildFile; fileRef = 6305A8802A50B33E006BCD1D /* ContentView.swift */; };
		6305A8832A50B33F006BCD1D /* Assets.xcassets in Resources */ = {isa = PBXBuildFile; fileRef = 6305A8822A50B33F006BCD1D /* Assets.xcassets */; };
		6305A8862A50B33F006BCD1D /* Preview Assets.xcassets in Resources */ = {isa = PBXBuildFile; fileRef = 6305A8852A50B33F006BCD1D /* Preview Assets.xcassets */; };
		6305A8902A50B402006BCD1D /* Artwork.swift in Sources */ = {isa = PBXBuildFile; fileRef = 6305A88F2A50B402006BCD1D /* Artwork.swift */; };
		6305A8942A50BC40006BCD1D /* ArtworkView.swift in Sources */ = {isa = PBXBuildFile; fileRef = 6305A8932A50BC40006BCD1D /* ArtworkView.swift */; };
		6305A8962A50BCE5006BCD1D /* ArtworkDetailView.swift in Sources */ = {isa = PBXBuildFile; fileRef = 6305A8952A50BCE5006BCD1D /* ArtworkDetailView.swift */; };
		6305A8982A516AE2006BCD1D /* Unsplash.swift in Sources */ = {isa = PBXBuildFile; fileRef = 6305A8972A516AE2006BCD1D /* Unsplash.swift */; };
		6305A89A2A516DF1006BCD1D /* UnsplashViewModel.swift in Sources */ = {isa = PBXBuildFile; fileRef = 6305A8992A516DF1006BCD1D /* UnsplashViewModel.swift */; };
		6305A89C2A5178D9006BCD1D /* Dog.swift in Sources */ = {isa = PBXBuildFile; fileRef = 6305A89B2A5178D9006BCD1D /* Dog.swift */; };
		6305A89E2A517B40006BCD1D /* DogListViewModel.swift in Sources */ = {isa = PBXBuildFile; fileRef = 6305A89D2A517B40006BCD1D /* DogListViewModel.swift */; };
		6305A8A02A5188F8006BCD1D /* DogView.swift in Sources */ = {isa = PBXBuildFile; fileRef = 6305A89F2A5188F8006BCD1D /* DogView.swift */; };
		6305A8A22A5189C7006BCD1D /* DogViewModel.swift in Sources */ = {isa = PBXBuildFile; fileRef = 6305A8A12A5189C7006BCD1D /* DogViewModel.swift */; };
		630A2E1E2A57800B00504E96 /* GoogleService-Info.plist in Resources */ = {isa = PBXBuildFile; fileRef = 630A2E1D2A57800B00504E96 /* GoogleService-Info.plist */; };
		630A2E212A5783F000504E96 /* FirebaseMessaging in Frameworks */ = {isa = PBXBuildFile; productRef = 630A2E202A5783F000504E96 /* FirebaseMessaging */; };
		63133F7A2A54DC6B00D116E4 /* FirebaseAnalytics in Frameworks */ = {isa = PBXBuildFile; productRef = 63133F792A54DC6B00D116E4 /* FirebaseAnalytics */; };
		6346D8B52A5384DE00DFBBD5 /* SDWebImageSwiftUI in Frameworks */ = {isa = PBXBuildFile; productRef = 6346D8B42A5384DE00DFBBD5 /* SDWebImageSwiftUI */; };
		6346D8F52A54442E00DFBBD5 /* NotificationsManager.swift in Sources */ = {isa = PBXBuildFile; fileRef = 6346D8F42A54442E00DFBBD5 /* NotificationsManager.swift */; };
/* End PBXBuildFile section */

/* Begin PBXFileReference section */
		6305A87B2A50B33E006BCD1D /* Pet-SwiftUI.app */ = {isa = PBXFileReference; explicitFileType = wrapper.application; includeInIndex = 0; path = "Pet-SwiftUI.app"; sourceTree = BUILT_PRODUCTS_DIR; };
		6305A87E2A50B33E006BCD1D /* Pet_SwiftUIApp.swift */ = {isa = PBXFileReference; lastKnownFileType = sourcecode.swift; path = Pet_SwiftUIApp.swift; sourceTree = "<group>"; };
		6305A8802A50B33E006BCD1D /* ContentView.swift */ = {isa = PBXFileReference; lastKnownFileType = sourcecode.swift; path = ContentView.swift; sourceTree = "<group>"; };
		6305A8822A50B33F006BCD1D /* Assets.xcassets */ = {isa = PBXFileReference; lastKnownFileType = folder.assetcatalog; path = Assets.xcassets; sourceTree = "<group>"; };
		6305A8852A50B33F006BCD1D /* Preview Assets.xcassets */ = {isa = PBXFileReference; lastKnownFileType = folder.assetcatalog; path = "Preview Assets.xcassets"; sourceTree = "<group>"; };
		6305A88F2A50B402006BCD1D /* Artwork.swift */ = {isa = PBXFileReference; lastKnownFileType = sourcecode.swift; path = Artwork.swift; sourceTree = "<group>"; };
		6305A8932A50BC40006BCD1D /* ArtworkView.swift */ = {isa = PBXFileReference; lastKnownFileType = sourcecode.swift; path = ArtworkView.swift; sourceTree = "<group>"; };
		6305A8952A50BCE5006BCD1D /* ArtworkDetailView.swift */ = {isa = PBXFileReference; lastKnownFileType = sourcecode.swift; path = ArtworkDetailView.swift; sourceTree = "<group>"; };
		6305A8972A516AE2006BCD1D /* Unsplash.swift */ = {isa = PBXFileReference; lastKnownFileType = sourcecode.swift; path = Unsplash.swift; sourceTree = "<group>"; };
		6305A8992A516DF1006BCD1D /* UnsplashViewModel.swift */ = {isa = PBXFileReference; lastKnownFileType = sourcecode.swift; path = UnsplashViewModel.swift; sourceTree = "<group>"; };
		6305A89B2A5178D9006BCD1D /* Dog.swift */ = {isa = PBXFileReference; lastKnownFileType = sourcecode.swift; path = Dog.swift; sourceTree = "<group>"; };
		6305A89D2A517B40006BCD1D /* DogListViewModel.swift */ = {isa = PBXFileReference; lastKnownFileType = sourcecode.swift; path = DogListViewModel.swift; sourceTree = "<group>"; };
		6305A89F2A5188F8006BCD1D /* DogView.swift */ = {isa = PBXFileReference; lastKnownFileType = sourcecode.swift; path = DogView.swift; sourceTree = "<group>"; };
		6305A8A12A5189C7006BCD1D /* DogViewModel.swift */ = {isa = PBXFileReference; lastKnownFileType = sourcecode.swift; path = DogViewModel.swift; sourceTree = "<group>"; };
		630A2E1C2A577EB400504E96 /* Pet-SwiftUI.entitlements */ = {isa = PBXFileReference; lastKnownFileType = text.plist.entitlements; path = "Pet-SwiftUI.entitlements"; sourceTree = "<group>"; };
		630A2E1D2A57800B00504E96 /* GoogleService-Info.plist */ = {isa = PBXFileReference; fileEncoding = 4; lastKnownFileType = text.plist.xml; path = "GoogleService-Info.plist"; sourceTree = "<group>"; };
		6346D8F42A54442E00DFBBD5 /* NotificationsManager.swift */ = {isa = PBXFileReference; lastKnownFileType = sourcecode.swift; path = NotificationsManager.swift; sourceTree = "<group>"; };
		6346D8F62A54548E00DFBBD5 /* Info.plist */ = {isa = PBXFileReference; lastKnownFileType = text.plist; path = Info.plist; sourceTree = "<group>"; };
/* End PBXFileReference section */

/* Begin PBXFrameworksBuildPhase section */
		6305A8782A50B33E006BCD1D /* Frameworks */ = {
			isa = PBXFrameworksBuildPhase;
			buildActionMask = 2147483647;
			files = (
				630A2E212A5783F000504E96 /* FirebaseMessaging in Frameworks */,
				63133F7A2A54DC6B00D116E4 /* FirebaseAnalytics in Frameworks */,
				6346D8B52A5384DE00DFBBD5 /* SDWebImageSwiftUI in Frameworks */,
			);
			runOnlyForDeploymentPostprocessing = 0;
		};
/* End PBXFrameworksBuildPhase section */

/* Begin PBXGroup section */
		6305A8722A50B33E006BCD1D = {
			isa = PBXGroup;
			children = (
				6305A87D2A50B33E006BCD1D /* Pet-SwiftUI */,
				6305A87C2A50B33E006BCD1D /* Products */,
				630A2E1F2A5783F000504E96 /* Frameworks */,
			);
			sourceTree = "<group>";
		};
		6305A87C2A50B33E006BCD1D /* Products */ = {
			isa = PBXGroup;
			children = (
				6305A87B2A50B33E006BCD1D /* Pet-SwiftUI.app */,
			);
			name = Products;
			sourceTree = "<group>";
		};
		6305A87D2A50B33E006BCD1D /* Pet-SwiftUI */ = {
			isa = PBXGroup;
			children = (
				630A2E1C2A577EB400504E96 /* Pet-SwiftUI.entitlements */,
				630A2E1D2A57800B00504E96 /* GoogleService-Info.plist */,
				6346D8F62A54548E00DFBBD5 /* Info.plist */,
				6305A87E2A50B33E006BCD1D /* Pet_SwiftUIApp.swift */,
				6305A88E2A50B3CB006BCD1D /* View */,
				6305A88D2A50B3C2006BCD1D /* Model */,
				6305A88C2A50B3B9006BCD1D /* ViewModel */,
				6346D8F22A5443EB00DFBBD5 /* Services */,
				6305A8822A50B33F006BCD1D /* Assets.xcassets */,
				6305A8842A50B33F006BCD1D /* Preview Content */,
			);
			path = "Pet-SwiftUI";
			sourceTree = "<group>";
		};
		6305A8842A50B33F006BCD1D /* Preview Content */ = {
			isa = PBXGroup;
			children = (
				6305A8852A50B33F006BCD1D /* Preview Assets.xcassets */,
			);
			path = "Preview Content";
			sourceTree = "<group>";
		};
		6305A88C2A50B3B9006BCD1D /* ViewModel */ = {
			isa = PBXGroup;
			children = (
				6305A89D2A517B40006BCD1D /* DogListViewModel.swift */,
				6305A8A12A5189C7006BCD1D /* DogViewModel.swift */,
				6305A8992A516DF1006BCD1D /* UnsplashViewModel.swift */,
			);
			path = ViewModel;
			sourceTree = "<group>";
		};
		6305A88D2A50B3C2006BCD1D /* Model */ = {
			isa = PBXGroup;
			children = (
				6305A88F2A50B402006BCD1D /* Artwork.swift */,
				6305A8972A516AE2006BCD1D /* Unsplash.swift */,
				6305A89B2A5178D9006BCD1D /* Dog.swift */,
			);
			path = Model;
			sourceTree = "<group>";
		};
		6305A88E2A50B3CB006BCD1D /* View */ = {
			isa = PBXGroup;
			children = (
				6305A8802A50B33E006BCD1D /* ContentView.swift */,
				6305A89F2A5188F8006BCD1D /* DogView.swift */,
				6305A8932A50BC40006BCD1D /* ArtworkView.swift */,
				6305A8952A50BCE5006BCD1D /* ArtworkDetailView.swift */,
			);
			path = View;
			sourceTree = "<group>";
		};
		630A2E1F2A5783F000504E96 /* Frameworks */ = {
			isa = PBXGroup;
			children = (
			);
			name = Frameworks;
			sourceTree = "<group>";
		};
		6346D8F22A5443EB00DFBBD5 /* Services */ = {
			isa = PBXGroup;
			children = (
				6346D8F42A54442E00DFBBD5 /* NotificationsManager.swift */,
			);
			path = Services;
			sourceTree = "<group>";
		};
/* End PBXGroup section */

/* Begin PBXNativeTarget section */
		6305A87A2A50B33E006BCD1D /* Pet-SwiftUI */ = {
			isa = PBXNativeTarget;
			buildConfigurationList = 6305A8892A50B33F006BCD1D /* Build configuration list for PBXNativeTarget "Pet-SwiftUI" */;
			buildPhases = (
				6305A8772A50B33E006BCD1D /* Sources */,
				6305A8782A50B33E006BCD1D /* Frameworks */,
				6305A8792A50B33E006BCD1D /* Resources */,
			);
			buildRules = (
			);
			dependencies = (
			);
			name = "Pet-SwiftUI";
			packageProductDependencies = (
				6346D8B42A5384DE00DFBBD5 /* SDWebImageSwiftUI */,
				63133F792A54DC6B00D116E4 /* FirebaseAnalytics */,
				630A2E202A5783F000504E96 /* FirebaseMessaging */,
			);
			productName = "Artwork-SwiftUI";
			productReference = 6305A87B2A50B33E006BCD1D /* Pet-SwiftUI.app */;
			productType = "com.apple.product-type.application";
		};
/* End PBXNativeTarget section */

/* Begin PBXProject section */
		6305A8732A50B33E006BCD1D /* Project object */ = {
			isa = PBXProject;
			attributes = {
				BuildIndependentTargetsInParallel = 1;
				LastSwiftUpdateCheck = 1430;
				LastUpgradeCheck = 1430;
				TargetAttributes = {
					6305A87A2A50B33E006BCD1D = {
						CreatedOnToolsVersion = 14.3;
					};
				};
			};
			buildConfigurationList = 6305A8762A50B33E006BCD1D /* Build configuration list for PBXProject "Pet-SwiftUI" */;
			compatibilityVersion = "Xcode 14.0";
			developmentRegion = en;
			hasScannedForEncodings = 0;
			knownRegions = (
				en,
				Base,
			);
			mainGroup = 6305A8722A50B33E006BCD1D;
			packageReferences = (
				6346D8B32A5384DE00DFBBD5 /* XCRemoteSwiftPackageReference "SDWebImageSwiftUI" */,
				63133F782A54DC6B00D116E4 /* XCRemoteSwiftPackageReference "firebase-ios-sdk" */,
			);
			productRefGroup = 6305A87C2A50B33E006BCD1D /* Products */;
			projectDirPath = "";
			projectRoot = "";
			targets = (
				6305A87A2A50B33E006BCD1D /* Pet-SwiftUI */,
			);
		};
/* End PBXProject section */

/* Begin PBXResourcesBuildPhase section */
		6305A8792A50B33E006BCD1D /* Resources */ = {
			isa = PBXResourcesBuildPhase;
			buildActionMask = 2147483647;
			files = (
				6305A8862A50B33F006BCD1D /* Preview Assets.xcassets in Resources */,
				6305A8832A50B33F006BCD1D /* Assets.xcassets in Resources */,
				630A2E1E2A57800B00504E96 /* GoogleService-Info.plist in Resources */,
			);
			runOnlyForDeploymentPostprocessing = 0;
		};
/* End PBXResourcesBuildPhase section */

/* Begin PBXSourcesBuildPhase section */
		6305A8772A50B33E006BCD1D /* Sources */ = {
			isa = PBXSourcesBuildPhase;
			buildActionMask = 2147483647;
			files = (
				6305A8982A516AE2006BCD1D /* Unsplash.swift in Sources */,
				6305A8812A50B33E006BCD1D /* ContentView.swift in Sources */,
				6346D8F52A54442E00DFBBD5 /* NotificationsManager.swift in Sources */,
				6305A8942A50BC40006BCD1D /* ArtworkView.swift in Sources */,
				6305A8A22A5189C7006BCD1D /* DogViewModel.swift in Sources */,
				6305A8902A50B402006BCD1D /* Artwork.swift in Sources */,
				6305A89A2A516DF1006BCD1D /* UnsplashViewModel.swift in Sources */,
				6305A89C2A5178D9006BCD1D /* Dog.swift in Sources */,
				6305A87F2A50B33E006BCD1D /* Pet_SwiftUIApp.swift in Sources */,
				6305A89E2A517B40006BCD1D /* DogListViewModel.swift in Sources */,
				6305A8962A50BCE5006BCD1D /* ArtworkDetailView.swift in Sources */,
				6305A8A02A5188F8006BCD1D /* DogView.swift in Sources */,
			);
			runOnlyForDeploymentPostprocessing = 0;
		};
/* End PBXSourcesBuildPhase section */

/* Begin XCBuildConfiguration section */
		6305A8872A50B33F006BCD1D /* Debug */ = {
			isa = XCBuildConfiguration;
			buildSettings = {
				ALWAYS_SEARCH_USER_PATHS = NO;
				CLANG_ANALYZER_NONNULL = YES;
				CLANG_ANALYZER_NUMBER_OBJECT_CONVERSION = YES_AGGRESSIVE;
				CLANG_CXX_LANGUAGE_STANDARD = "gnu++20";
				CLANG_ENABLE_MODULES = YES;
				CLANG_ENABLE_OBJC_ARC = YES;
				CLANG_ENABLE_OBJC_WEAK = YES;
				CLANG_WARN_BLOCK_CAPTURE_AUTORELEASING = YES;
				CLANG_WARN_BOOL_CONVERSION = YES;
				CLANG_WARN_COMMA = YES;
				CLANG_WARN_CONSTANT_CONVERSION = YES;
				CLANG_WARN_DEPRECATED_OBJC_IMPLEMENTATIONS = YES;
				CLANG_WARN_DIRECT_OBJC_ISA_USAGE = YES_ERROR;
				CLANG_WARN_DOCUMENTATION_COMMENTS = YES;
				CLANG_WARN_EMPTY_BODY = YES;
				CLANG_WARN_ENUM_CONVERSION = YES;
				CLANG_WARN_INFINITE_RECURSION = YES;
				CLANG_WARN_INT_CONVERSION = YES;
				CLANG_WARN_NON_LITERAL_NULL_CONVERSION = YES;
				CLANG_WARN_OBJC_IMPLICIT_RETAIN_SELF = YES;
				CLANG_WARN_OBJC_LITERAL_CONVERSION = YES;
				CLANG_WARN_OBJC_ROOT_CLASS = YES_ERROR;
				CLANG_WARN_QUOTED_INCLUDE_IN_FRAMEWORK_HEADER = YES;
				CLANG_WARN_RANGE_LOOP_ANALYSIS = YES;
				CLANG_WARN_STRICT_PROTOTYPES = YES;
				CLANG_WARN_SUSPICIOUS_MOVE = YES;
				CLANG_WARN_UNGUARDED_AVAILABILITY = YES_AGGRESSIVE;
				CLANG_WARN_UNREACHABLE_CODE = YES;
				CLANG_WARN__DUPLICATE_METHOD_MATCH = YES;
				COPY_PHASE_STRIP = NO;
				DEBUG_INFORMATION_FORMAT = dwarf;
				ENABLE_STRICT_OBJC_MSGSEND = YES;
				ENABLE_TESTABILITY = YES;
				GCC_C_LANGUAGE_STANDARD = gnu11;
				GCC_DYNAMIC_NO_PIC = NO;
				GCC_NO_COMMON_BLOCKS = YES;
				GCC_OPTIMIZATION_LEVEL = 0;
				GCC_PREPROCESSOR_DEFINITIONS = (
					"DEBUG=1",
					"$(inherited)",
				);
				GCC_WARN_64_TO_32_BIT_CONVERSION = YES;
				GCC_WARN_ABOUT_RETURN_TYPE = YES_ERROR;
				GCC_WARN_UNDECLARED_SELECTOR = YES;
				GCC_WARN_UNINITIALIZED_AUTOS = YES_AGGRESSIVE;
				GCC_WARN_UNUSED_FUNCTION = YES;
				GCC_WARN_UNUSED_VARIABLE = YES;
				IPHONEOS_DEPLOYMENT_TARGET = 16.4;
				MTL_ENABLE_DEBUG_INFO = INCLUDE_SOURCE;
				MTL_FAST_MATH = YES;
				ONLY_ACTIVE_ARCH = YES;
				SDKROOT = iphoneos;
				SWIFT_ACTIVE_COMPILATION_CONDITIONS = DEBUG;
				SWIFT_OPTIMIZATION_LEVEL = "-Onone";
			};
			name = Debug;
		};
		6305A8882A50B33F006BCD1D /* Release */ = {
			isa = XCBuildConfiguration;
			buildSettings = {
				ALWAYS_SEARCH_USER_PATHS = NO;
				CLANG_ANALYZER_NONNULL = YES;
				CLANG_ANALYZER_NUMBER_OBJECT_CONVERSION = YES_AGGRESSIVE;
				CLANG_CXX_LANGUAGE_STANDARD = "gnu++20";
				CLANG_ENABLE_MODULES = YES;
				CLANG_ENABLE_OBJC_ARC = YES;
				CLANG_ENABLE_OBJC_WEAK = YES;
				CLANG_WARN_BLOCK_CAPTURE_AUTORELEASING = YES;
				CLANG_WARN_BOOL_CONVERSION = YES;
				CLANG_WARN_COMMA = YES;
				CLANG_WARN_CONSTANT_CONVERSION = YES;
				CLANG_WARN_DEPRECATED_OBJC_IMPLEMENTATIONS = YES;
				CLANG_WARN_DIRECT_OBJC_ISA_USAGE = YES_ERROR;
				CLANG_WARN_DOCUMENTATION_COMMENTS = YES;
				CLANG_WARN_EMPTY_BODY = YES;
				CLANG_WARN_ENUM_CONVERSION = YES;
				CLANG_WARN_INFINITE_RECURSION = YES;
				CLANG_WARN_INT_CONVERSION = YES;
				CLANG_WARN_NON_LITERAL_NULL_CONVERSION = YES;
				CLANG_WARN_OBJC_IMPLICIT_RETAIN_SELF = YES;
				CLANG_WARN_OBJC_LITERAL_CONVERSION = YES;
				CLANG_WARN_OBJC_ROOT_CLASS = YES_ERROR;
				CLANG_WARN_QUOTED_INCLUDE_IN_FRAMEWORK_HEADER = YES;
				CLANG_WARN_RANGE_LOOP_ANALYSIS = YES;
				CLANG_WARN_STRICT_PROTOTYPES = YES;
				CLANG_WARN_SUSPICIOUS_MOVE = YES;
				CLANG_WARN_UNGUARDED_AVAILABILITY = YES_AGGRESSIVE;
				CLANG_WARN_UNREACHABLE_CODE = YES;
				CLANG_WARN__DUPLICATE_METHOD_MATCH = YES;
				COPY_PHASE_STRIP = NO;
				DEBUG_INFORMATION_FORMAT = "dwarf-with-dsym";
				ENABLE_NS_ASSERTIONS = NO;
				ENABLE_STRICT_OBJC_MSGSEND = YES;
				GCC_C_LANGUAGE_STANDARD = gnu11;
				GCC_NO_COMMON_BLOCKS = YES;
				GCC_WARN_64_TO_32_BIT_CONVERSION = YES;
				GCC_WARN_ABOUT_RETURN_TYPE = YES_ERROR;
				GCC_WARN_UNDECLARED_SELECTOR = YES;
				GCC_WARN_UNINITIALIZED_AUTOS = YES_AGGRESSIVE;
				GCC_WARN_UNUSED_FUNCTION = YES;
				GCC_WARN_UNUSED_VARIABLE = YES;
				IPHONEOS_DEPLOYMENT_TARGET = 16.4;
				MTL_ENABLE_DEBUG_INFO = NO;
				MTL_FAST_MATH = YES;
				SDKROOT = iphoneos;
				SWIFT_COMPILATION_MODE = wholemodule;
				SWIFT_OPTIMIZATION_LEVEL = "-O";
				VALIDATE_PRODUCT = YES;
			};
			name = Release;
		};
		6305A88A2A50B33F006BCD1D /* Debug */ = {
			isa = XCBuildConfiguration;
			buildSettings = {
				ASSETCATALOG_COMPILER_APPICON_NAME = AppIcon;
				ASSETCATALOG_COMPILER_GLOBAL_ACCENT_COLOR_NAME = AccentColor;
				CODE_SIGN_ENTITLEMENTS = "Pet-SwiftUI/Pet-SwiftUI.entitlements";
				CODE_SIGN_IDENTITY = "Apple Development";
				CODE_SIGN_STYLE = Automatic;
				CURRENT_PROJECT_VERSION = 1;
				DEVELOPMENT_ASSET_PATHS = "\"Pet-SwiftUI/Preview Content\"";
				DEVELOPMENT_TEAM = BH7ATPEKS6;
				ENABLE_PREVIEWS = YES;
				GENERATE_INFOPLIST_FILE = YES;
				INFOPLIST_FILE = "Pet-SwiftUI/Info.plist";
				INFOPLIST_KEY_CFBundleDisplayName = "Pet Shop";
				INFOPLIST_KEY_UIApplicationSceneManifest_Generation = YES;
				INFOPLIST_KEY_UIApplicationSupportsIndirectInputEvents = YES;
				INFOPLIST_KEY_UILaunchScreen_Generation = YES;
				INFOPLIST_KEY_UISupportedInterfaceOrientations_iPad = "UIInterfaceOrientationPortrait UIInterfaceOrientationPortraitUpsideDown UIInterfaceOrientationLandscapeLeft UIInterfaceOrientationLandscapeRight";
				INFOPLIST_KEY_UISupportedInterfaceOrientations_iPhone = "UIInterfaceOrientationPortrait UIInterfaceOrientationLandscapeLeft UIInterfaceOrientationLandscapeRight";
				IPHONEOS_DEPLOYMENT_TARGET = 16.0;
				LD_RUNPATH_SEARCH_PATHS = (
					"$(inherited)",
					"@executable_path/Frameworks",
				);
				MARKETING_VERSION = 1.0;
				PRODUCT_BUNDLE_IDENTIFIER = "edo.dog-SwiftUI";
				PRODUCT_NAME = "$(TARGET_NAME)";
				PROVISIONING_PROFILE_SPECIFIER = "";
				SWIFT_EMIT_LOC_STRINGS = YES;
				SWIFT_VERSION = 5.0;
				TARGETED_DEVICE_FAMILY = "1,2";
			};
			name = Debug;
		};
		6305A88B2A50B33F006BCD1D /* Release */ = {
			isa = XCBuildConfiguration;
			buildSettings = {
				ASSETCATALOG_COMPILER_APPICON_NAME = AppIcon;
				ASSETCATALOG_COMPILER_GLOBAL_ACCENT_COLOR_NAME = AccentColor;
				CODE_SIGN_ENTITLEMENTS = "Pet-SwiftUI/Pet-SwiftUI.entitlements";
				CODE_SIGN_IDENTITY = "Apple Development";
				CODE_SIGN_STYLE = Automatic;
				CURRENT_PROJECT_VERSION = 1;
				DEVELOPMENT_ASSET_PATHS = "\"Pet-SwiftUI/Preview Content\"";
				DEVELOPMENT_TEAM = BH7ATPEKS6;
				ENABLE_PREVIEWS = YES;
				GENERATE_INFOPLIST_FILE = YES;
				INFOPLIST_FILE = "Pet-SwiftUI/Info.plist";
				INFOPLIST_KEY_CFBundleDisplayName = "Pet Shop";
				INFOPLIST_KEY_UIApplicationSceneManifest_Generation = YES;
				INFOPLIST_KEY_UIApplicationSupportsIndirectInputEvents = YES;
				INFOPLIST_KEY_UILaunchScreen_Generation = YES;
				INFOPLIST_KEY_UISupportedInterfaceOrientations_iPad = "UIInterfaceOrientationPortrait UIInterfaceOrientationPortraitUpsideDown UIInterfaceOrientationLandscapeLeft UIInterfaceOrientationLandscapeRight";
				INFOPLIST_KEY_UISupportedInterfaceOrientations_iPhone = "UIInterfaceOrientationPortrait UIInterfaceOrientationLandscapeLeft UIInterfaceOrientationLandscapeRight";
				IPHONEOS_DEPLOYMENT_TARGET = 16.0;
				LD_RUNPATH_SEARCH_PATHS = (
					"$(inherited)",
					"@executable_path/Frameworks",
				);
				MARKETING_VERSION = 1.0;
				PRODUCT_BUNDLE_IDENTIFIER = "edo.dog-SwiftUI";
				PRODUCT_NAME = "$(TARGET_NAME)";
				PROVISIONING_PROFILE_SPECIFIER = "";
				SWIFT_EMIT_LOC_STRINGS = YES;
				SWIFT_VERSION = 5.0;
				TARGETED_DEVICE_FAMILY = "1,2";
			};
			name = Release;
		};
/* End XCBuildConfiguration section */

/* Begin XCConfigurationList section */
		6305A8762A50B33E006BCD1D /* Build configuration list for PBXProject "Pet-SwiftUI" */ = {
			isa = XCConfigurationList;
			buildConfigurations = (
				6305A8872A50B33F006BCD1D /* Debug */,
				6305A8882A50B33F006BCD1D /* Release */,
			);
			defaultConfigurationIsVisible = 0;
			defaultConfigurationName = Release;
		};
		6305A8892A50B33F006BCD1D /* Build configuration list for PBXNativeTarget "Pet-SwiftUI" */ = {
			isa = XCConfigurationList;
			buildConfigurations = (
				6305A88A2A50B33F006BCD1D /* Debug */,
				6305A88B2A50B33F006BCD1D /* Release */,
			);
			defaultConfigurationIsVisible = 0;
			defaultConfigurationName = Release;
		};
/* End XCConfigurationList section */

/* Begin XCRemoteSwiftPackageReference section */
		63133F782A54DC6B00D116E4 /* XCRemoteSwiftPackageReference "firebase-ios-sdk" */ = {
			isa = XCRemoteSwiftPackageReference;
			repositoryURL = "https://github.com/firebase/firebase-ios-sdk";
			requirement = {
				kind = upToNextMajorVersion;
				minimumVersion = 10.0.0;
			};
		};
		6346D8B32A5384DE00DFBBD5 /* XCRemoteSwiftPackageReference "SDWebImageSwiftUI" */ = {
			isa = XCRemoteSwiftPackageReference;
			repositoryURL = "https://github.com/SDWebImage/SDWebImageSwiftUI";
			requirement = {
				kind = upToNextMajorVersion;
				minimumVersion = 2.0.0;
			};
		};
/* End XCRemoteSwiftPackageReference section */

/* Begin XCSwiftPackageProductDependency section */
		630A2E202A5783F000504E96 /* FirebaseMessaging */ = {
			isa = XCSwiftPackageProductDependency;
			package = 63133F782A54DC6B00D116E4 /* XCRemoteSwiftPackageReference "firebase-ios-sdk" */;
			productName = FirebaseMessaging;
		};
		63133F792A54DC6B00D116E4 /* FirebaseAnalytics */ = {
			isa = XCSwiftPackageProductDependency;
			package = 63133F782A54DC6B00D116E4 /* XCRemoteSwiftPackageReference "firebase-ios-sdk" */;
			productName = FirebaseAnalytics;
		};
		6346D8B42A5384DE00DFBBD5 /* SDWebImageSwiftUI */ = {
			isa = XCSwiftPackageProductDependency;
			package = 6346D8B32A5384DE00DFBBD5 /* XCRemoteSwiftPackageReference "SDWebImageSwiftUI" */;
			productName = SDWebImageSwiftUI;
		};
/* End XCSwiftPackageProductDependency section */
	};
	rootObject = 6305A8732A50B33E006BCD1D /* Project object */;
}
